dependencies:
- name: argo-cd
  repository: https://argoproj.github.io/argo-helm
  version: 6.7.10
- name: longhorn
  repository: https://charts.longhorn.io
  version: 1.6.1
- name: prometheus-operator-crds
  repository: https://prometheus-community.github.io/helm-charts
  version: 11.0.0
digest: sha256:296bb824de5225c5a00de7d395c451cede3ff041161f139b3a18f51761ff0073
generated: "2024-04-12T13:37:03.583017814+07:00"
