dependencies:
- name: kafka
  repository: oci://registry-1.docker.io/bitnamicharts
  version: 28.2.1
- name: kafka-ui
  repository: https://ui.charts.kafbat.io
  version: 1.4.0
digest: sha256:a85a96999367ff4e011569e41403ee0a65acec3aadf2dc3b8882aaf48fc9b4c9
generated: "2024-05-09T15:42:59.178676665+07:00"
